
Microsoft Visual Studio Solution File, Format Version 12.00
# Visual Studio Version 17
VisualStudioVersion = 17.3.32811.315
MinimumVisualStudioVersion = 10.0.40219.1
Project("{FAE04EC0-301F-11D3-BF4B-00C04F79EFBC}") = "LambdaIzrazi", "LambdaIzrazi\LambdaIzrazi.csproj", "{EE52D03B-DF8E-424F-A6CD-DF0E1E8BD631}"
EndProject
Global
	GlobalSection(SolutionConfigurationPlatforms) = preSolution
		Debug|Any CPU = Debug|Any CPU
		Release|Any CPU = Release|Any CPU
	EndGlobalSection
	GlobalSection(ProjectConfigurationPlatforms) = postSolution
		{EE52D03B-DF8E-424F-A6CD-DF0E1E8BD631}.Debug|Any CPU.ActiveCfg = Debug|Any CPU
		{EE52D03B-DF8E-424F-A6CD-DF0E1E8BD631}.Debug|Any CPU.Build.0 = Debug|Any CPU
		{EE52D03B-DF8E-424F-A6CD-DF0E1E8BD631}.Release|Any CPU.ActiveCfg = Release|Any CPU
		{EE52D03B-DF8E-424F-A6CD-DF0E1E8BD631}.Release|Any CPU.Build.0 = Release|Any CPU
	EndGlobalSection
	GlobalSection(SolutionProperties) = preSolution
		HideSolutionNode = FALSE
	EndGlobalSection
	GlobalSection(ExtensibilityGlobals) = postSolution
		SolutionGuid = {569EB0CF-F876-4250-B5C1-61621C7C528E}
	EndGlobalSection
EndGlobal
