
Microsoft Visual Studio Solution File, Format Version 12.00
# Visual Studio Version 17
VisualStudioVersion = 17.3.32811.315
MinimumVisualStudioVersion = 10.0.40219.1
Project("{FAE04EC0-301F-11D3-BF4B-00C04F79EFBC}") = "DrugaMVC", "DrugaMVC\DrugaMVC.csproj", "{16F80CD5-C883-446D-A26A-53B626880B88}"
EndProject
Global
	GlobalSection(SolutionConfigurationPlatforms) = preSolution
		Debug|Any CPU = Debug|Any CPU
		Release|Any CPU = Release|Any CPU
	EndGlobalSection
	GlobalSection(ProjectConfigurationPlatforms) = postSolution
		{16F80CD5-C883-446D-A26A-53B626880B88}.Debug|Any CPU.ActiveCfg = Debug|Any CPU
		{16F80CD5-C883-446D-A26A-53B626880B88}.Debug|Any CPU.Build.0 = Debug|Any CPU
		{16F80CD5-C883-446D-A26A-53B626880B88}.Release|Any CPU.ActiveCfg = Release|Any CPU
		{16F80CD5-C883-446D-A26A-53B626880B88}.Release|Any CPU.Build.0 = Release|Any CPU
	EndGlobalSection
	GlobalSection(SolutionProperties) = preSolution
		HideSolutionNode = FALSE
	EndGlobalSection
	GlobalSection(ExtensibilityGlobals) = postSolution
		SolutionGuid = {7E6BEE95-A4DA-4DAD-B537-62EE21C06BE8}
	EndGlobalSection
EndGlobal
